
Microsoft Visual Studio Solution File, Format Version 12.00
# Visual Studio 15
VisualStudioVersion = 15.0.28307.852
MinimumVisualStudioVersion = 10.0.40219.1
Project("{8BC9CEB8-8B4A-11D0-8D11-00A0C91BC942}") = "Bedirhan_Kara", "Bedirhan_Kara\Bedirhan_Kara.vcxproj", "{B64A5C42-EA93-4027-91F4-69FEC485D4BB}"
EndProject
Global
	GlobalSection(SolutionConfigurationPlatforms) = preSolution
		Debug|x64 = Debug|x64
		Debug|x86 = Debug|x86
		Release|x64 = Release|x64
		Release|x86 = Release|x86
	EndGlobalSection
	GlobalSection(ProjectConfigurationPlatforms) = postSolution
		{B64A5C42-EA93-4027-91F4-69FEC485D4BB}.Debug|x64.ActiveCfg = Debug|x64
		{B64A5C42-EA93-4027-91F4-69FEC485D4BB}.Debug|x64.Build.0 = Debug|x64
		{B64A5C42-EA93-4027-91F4-69FEC485D4BB}.Debug|x86.ActiveCfg = Debug|Win32
		{B64A5C42-EA93-4027-91F4-69FEC485D4BB}.Debug|x86.Build.0 = Debug|Win32
		{B64A5C42-EA93-4027-91F4-69FEC485D4BB}.Release|x64.ActiveCfg = Release|x64
		{B64A5C42-EA93-4027-91F4-69FEC485D4BB}.Release|x64.Build.0 = Release|x64
		{B64A5C42-EA93-4027-91F4-69FEC485D4BB}.Release|x86.ActiveCfg = Release|Win32
		{B64A5C42-EA93-4027-91F4-69FEC485D4BB}.Release|x86.Build.0 = Release|Win32
	EndGlobalSection
	GlobalSection(SolutionProperties) = preSolution
		HideSolutionNode = FALSE
	EndGlobalSection
	GlobalSection(ExtensibilityGlobals) = postSolution
		SolutionGuid = {D4DFE2BC-CF1B-4EFA-8E3D-50A7DFD2562F}
	EndGlobalSection
EndGlobal
